// !$*UTF8*$!
{
	archiveVersion = 1;
	classes = {
	};
	objectVersion = 60;
	objects = {

/* Begin PBXBuildFile section */
		B92C63AC2C348D7600013893 /* SFSymbols Example.swift in Sources */ = {isa = PBXBuildFile; fileRef = B92C63AB2C348D7600013893 /* SFSymbols Example.swift */; };
		B92C63AE2C34AD1400013893 /* Fun With Frames View.swift in Sources */ = {isa = PBXBuildFile; fileRef = B92C63AD2C34AD1400013893 /* Fun With Frames View.swift */; };
		B965080D2C320437002D646E /* Breathe_Rotate_Wiggle_EffectsApp.swift in Sources */ = {isa = PBXBuildFile; fileRef = B965080C2C320437002D646E /* Breathe_Rotate_Wiggle_EffectsApp.swift */; };
		B965080F2C320437002D646E /* ContentView.swift in Sources */ = {isa = PBXBuildFile; fileRef = B965080E2C320437002D646E /* ContentView.swift */; };
		B96508112C320438002D646E /* Assets.xcassets in Resources */ = {isa = PBXBuildFile; fileRef = B96508102C320438002D646E /* Assets.xcassets */; };
		B96508152C320438002D646E /* Preview Assets.xcassets in Resources */ = {isa = PBXBuildFile; fileRef = B96508142C320438002D646E /* Preview Assets.xcassets */; };
		B965081C2C3209CD002D646E /* SFSymbolView.swift in Sources */ = {isa = PBXBuildFile; fileRef = B965081B2C3209CD002D646E /* SFSymbolView.swift */; };
/* End PBXBuildFile section */

/* Begin PBXFileReference section */
		B92C63AB2C348D7600013893 /* SFSymbols Example.swift */ = {isa = PBXFileReference; lastKnownFileType = sourcecode.swift; path = "SFSymbols Example.swift"; sourceTree = "<group>"; };
		B92C63AD2C34AD1400013893 /* Fun With Frames View.swift */ = {isa = PBXFileReference; lastKnownFileType = sourcecode.swift; path = "Fun With Frames View.swift"; sourceTree = "<group>"; };
		B96508092C320437002D646E /* Breathe Rotate Wiggle Effects.app */ = {isa = PBXFileReference; explicitFileType = wrapper.application; includeInIndex = 0; path = "Breathe Rotate Wiggle Effects.app"; sourceTree = BUILT_PRODUCTS_DIR; };
		B965080C2C320437002D646E /* Breathe_Rotate_Wiggle_EffectsApp.swift */ = {isa = PBXFileReference; lastKnownFileType = sourcecode.swift; path = Breathe_Rotate_Wiggle_EffectsApp.swift; sourceTree = "<group>"; };
		B965080E2C320437002D646E /* ContentView.swift */ = {isa = PBXFileReference; lastKnownFileType = sourcecode.swift; path = ContentView.swift; sourceTree = "<group>"; };
		B96508102C320438002D646E /* Assets.xcassets */ = {isa = PBXFileReference; lastKnownFileType = folder.assetcatalog; path = Assets.xcassets; sourceTree = "<group>"; };
		B96508122C320438002D646E /* Breathe_Rotate_Wiggle_Effects.entitlements */ = {isa = PBXFileReference; lastKnownFileType = text.plist.entitlements; path = Breathe_Rotate_Wiggle_Effects.entitlements; sourceTree = "<group>"; };
		B96508142C320438002D646E /* Preview Assets.xcassets */ = {isa = PBXFileReference; lastKnownFileType = folder.assetcatalog; path = "Preview Assets.xcassets"; sourceTree = "<group>"; };
		B965081B2C3209CD002D646E /* SFSymbolView.swift */ = {isa = PBXFileReference; lastKnownFileType = sourcecode.swift; path = SFSymbolView.swift; sourceTree = "<group>"; };
/* End PBXFileReference section */

/* Begin PBXFrameworksBuildPhase section */
		B96508062C320437002D646E /* Frameworks */ = {
			isa = PBXFrameworksBuildPhase;
			buildActionMask = 2147483647;
			files = (
			);
			runOnlyForDeploymentPostprocessing = 0;
		};
/* End PBXFrameworksBuildPhase section */

/* Begin PBXGroup section */
		B96508002C320437002D646E = {
			isa = PBXGroup;
			children = (
				B965080B2C320437002D646E /* Breathe Rotate Wiggle Effects */,
				B965080A2C320437002D646E /* Products */,
			);
			sourceTree = "<group>";
		};
		B965080A2C320437002D646E /* Products */ = {
			isa = PBXGroup;
			children = (
				B96508092C320437002D646E /* Breathe Rotate Wiggle Effects.app */,
			);
			name = Products;
			sourceTree = "<group>";
		};
		B965080B2C320437002D646E /* Breathe Rotate Wiggle Effects */ = {
			isa = PBXGroup;
			children = (
				B965080C2C320437002D646E /* Breathe_Rotate_Wiggle_EffectsApp.swift */,
				B92C63AB2C348D7600013893 /* SFSymbols Example.swift */,
				B92C63AD2C34AD1400013893 /* Fun With Frames View.swift */,
				B965080E2C320437002D646E /* ContentView.swift */,
				B965081B2C3209CD002D646E /* SFSymbolView.swift */,
				B96508102C320438002D646E /* Assets.xcassets */,
				B96508122C320438002D646E /* Breathe_Rotate_Wiggle_Effects.entitlements */,
				B96508132C320438002D646E /* Preview Content */,
			);
			path = "Breathe Rotate Wiggle Effects";
			sourceTree = "<group>";
		};
		B96508132C320438002D646E /* Preview Content */ = {
			isa = PBXGroup;
			children = (
				B96508142C320438002D646E /* Preview Assets.xcassets */,
			);
			path = "Preview Content";
			sourceTree = "<group>";
		};
/* End PBXGroup section */

/* Begin PBXNativeTarget section */
		B96508082C320437002D646E /* Breathe Rotate Wiggle Effects */ = {
			isa = PBXNativeTarget;
			buildConfigurationList = B96508182C320438002D646E /* Build configuration list for PBXNativeTarget "Breathe Rotate Wiggle Effects" */;
			buildPhases = (
				B96508052C320437002D646E /* Sources */,
				B96508062C320437002D646E /* Frameworks */,
				B96508072C320437002D646E /* Resources */,
			);
			buildRules = (
			);
			dependencies = (
			);
			name = "Breathe Rotate Wiggle Effects";
			productName = "Breathe Rotate Wiggle Effects";
			productReference = B96508092C320437002D646E /* Breathe Rotate Wiggle Effects.app */;
			productType = "com.apple.product-type.application";
		};
/* End PBXNativeTarget section */

/* Begin PBXProject section */
		B96508012C320437002D646E /* Project object */ = {
			isa = PBXProject;
			attributes = {
				BuildIndependentTargetsInParallel = 1;
				LastSwiftUpdateCheck = 1600;
				LastUpgradeCheck = 1600;
				TargetAttributes = {
					B96508082C320437002D646E = {
						CreatedOnToolsVersion = 16.0;
					};
				};
			};
			buildConfigurationList = B96508042C320437002D646E /* Build configuration list for PBXProject "Breathe Rotate Wiggle Effects" */;
			compatibilityVersion = "Xcode 15.0";
			developmentRegion = en;
			hasScannedForEncodings = 0;
			knownRegions = (
				en,
				Base,
			);
			mainGroup = B96508002C320437002D646E;
			productRefGroup = B965080A2C320437002D646E /* Products */;
			projectDirPath = "";
			projectRoot = "";
			targets = (
				B96508082C320437002D646E /* Breathe Rotate Wiggle Effects */,
			);
		};
/* End PBXProject section */

/* Begin PBXResourcesBuildPhase section */
		B96508072C320437002D646E /* Resources */ = {
			isa = PBXResourcesBuildPhase;
			buildActionMask = 2147483647;
			files = (
				B96508152C320438002D646E /* Preview Assets.xcassets in Resources */,
				B96508112C320438002D646E /* Assets.xcassets in Resources */,
			);
			runOnlyForDeploymentPostprocessing = 0;
		};
/* End PBXResourcesBuildPhase section */

/* Begin PBXSourcesBuildPhase section */
		B96508052C320437002D646E /* Sources */ = {
			isa = PBXSourcesBuildPhase;
			buildActionMask = 2147483647;
			files = (
				B92C63AC2C348D7600013893 /* SFSymbols Example.swift in Sources */,
				B965080F2C320437002D646E /* ContentView.swift in Sources */,
				B965080D2C320437002D646E /* Breathe_Rotate_Wiggle_EffectsApp.swift in Sources */,
				B92C63AE2C34AD1400013893 /* Fun With Frames View.swift in Sources */,
				B965081C2C3209CD002D646E /* SFSymbolView.swift in Sources */,
			);
			runOnlyForDeploymentPostprocessing = 0;
		};
/* End PBXSourcesBuildPhase section */

/* Begin XCBuildConfiguration section */
		B96508162C320438002D646E /* Debug */ = {
			isa = XCBuildConfiguration;
			buildSettings = {
				ALWAYS_SEARCH_USER_PATHS = NO;
				ASSETCATALOG_COMPILER_GENERATE_SWIFT_ASSET_SYMBOL_EXTENSIONS = YES;
				CLANG_ANALYZER_NONNULL = YES;
				CLANG_ANALYZER_NUMBER_OBJECT_CONVERSION = YES_AGGRESSIVE;
				CLANG_CXX_LANGUAGE_STANDARD = "gnu++20";
				CLANG_ENABLE_MODULES = YES;
				CLANG_ENABLE_OBJC_ARC = YES;
				CLANG_ENABLE_OBJC_WEAK = YES;
				CLANG_WARN_BLOCK_CAPTURE_AUTORELEASING = YES;
				CLANG_WARN_BOOL_CONVERSION = YES;
				CLANG_WARN_COMMA = YES;
				CLANG_WARN_CONSTANT_CONVERSION = YES;
				CLANG_WARN_DEPRECATED_OBJC_IMPLEMENTATIONS = YES;
				CLANG_WARN_DIRECT_OBJC_ISA_USAGE = YES_ERROR;
				CLANG_WARN_DOCUMENTATION_COMMENTS = YES;
				CLANG_WARN_EMPTY_BODY = YES;
				CLANG_WARN_ENUM_CONVERSION = YES;
				CLANG_WARN_INFINITE_RECURSION = YES;
				CLANG_WARN_INT_CONVERSION = YES;
				CLANG_WARN_NON_LITERAL_NULL_CONVERSION = YES;
				CLANG_WARN_OBJC_IMPLICIT_RETAIN_SELF = YES;
				CLANG_WARN_OBJC_LITERAL_CONVERSION = YES;
				CLANG_WARN_OBJC_ROOT_CLASS = YES_ERROR;
				CLANG_WARN_QUOTED_INCLUDE_IN_FRAMEWORK_HEADER = YES;
				CLANG_WARN_RANGE_LOOP_ANALYSIS = YES;
				CLANG_WARN_STRICT_PROTOTYPES = YES;
				CLANG_WARN_SUSPICIOUS_MOVE = YES;
				CLANG_WARN_UNGUARDED_AVAILABILITY = YES_AGGRESSIVE;
				CLANG_WARN_UNREACHABLE_CODE = YES;
				CLANG_WARN__DUPLICATE_METHOD_MATCH = YES;
				COPY_PHASE_STRIP = NO;
				DEBUG_INFORMATION_FORMAT = dwarf;
				ENABLE_STRICT_OBJC_MSGSEND = YES;
				ENABLE_TESTABILITY = YES;
				ENABLE_USER_SCRIPT_SANDBOXING = YES;
				GCC_C_LANGUAGE_STANDARD = gnu17;
				GCC_DYNAMIC_NO_PIC = NO;
				GCC_NO_COMMON_BLOCKS = YES;
				GCC_OPTIMIZATION_LEVEL = 0;
				GCC_PREPROCESSOR_DEFINITIONS = (
					"DEBUG=1",
					"$(inherited)",
				);
				GCC_WARN_64_TO_32_BIT_CONVERSION = YES;
				GCC_WARN_ABOUT_RETURN_TYPE = YES_ERROR;
				GCC_WARN_UNDECLARED_SELECTOR = YES;
				GCC_WARN_UNINITIALIZED_AUTOS = YES_AGGRESSIVE;
				GCC_WARN_UNUSED_FUNCTION = YES;
				GCC_WARN_UNUSED_VARIABLE = YES;
				LOCALIZATION_PREFERS_STRING_CATALOGS = YES;
				MTL_ENABLE_DEBUG_INFO = INCLUDE_SOURCE;
				MTL_FAST_MATH = YES;
				ONLY_ACTIVE_ARCH = YES;
				SWIFT_ACTIVE_COMPILATION_CONDITIONS = "DEBUG $(inherited)";
				SWIFT_OPTIMIZATION_LEVEL = "-Onone";
			};
			name = Debug;
		};
		B96508172C320438002D646E /* Release */ = {
			isa = XCBuildConfiguration;
			buildSettings = {
				ALWAYS_SEARCH_USER_PATHS = NO;
				ASSETCATALOG_COMPILER_GENERATE_SWIFT_ASSET_SYMBOL_EXTENSIONS = YES;
				CLANG_ANALYZER_NONNULL = YES;
				CLANG_ANALYZER_NUMBER_OBJECT_CONVERSION = YES_AGGRESSIVE;
				CLANG_CXX_LANGUAGE_STANDARD = "gnu++20";
				CLANG_ENABLE_MODULES = YES;
				CLANG_ENABLE_OBJC_ARC = YES;
				CLANG_ENABLE_OBJC_WEAK = YES;
				CLANG_WARN_BLOCK_CAPTURE_AUTORELEASING = YES;
				CLANG_WARN_BOOL_CONVERSION = YES;
				CLANG_WARN_COMMA = YES;
				CLANG_WARN_CONSTANT_CONVERSION = YES;
				CLANG_WARN_DEPRECATED_OBJC_IMPLEMENTATIONS = YES;
				CLANG_WARN_DIRECT_OBJC_ISA_USAGE = YES_ERROR;
				CLANG_WARN_DOCUMENTATION_COMMENTS = YES;
				CLANG_WARN_EMPTY_BODY = YES;
				CLANG_WARN_ENUM_CONVERSION = YES;
				CLANG_WARN_INFINITE_RECURSION = YES;
				CLANG_WARN_INT_CONVERSION = YES;
				CLANG_WARN_NON_LITERAL_NULL_CONVERSION = YES;
				CLANG_WARN_OBJC_IMPLICIT_RETAIN_SELF = YES;
				CLANG_WARN_OBJC_LITERAL_CONVERSION = YES;
				CLANG_WARN_OBJC_ROOT_CLASS = YES_ERROR;
				CLANG_WARN_QUOTED_INCLUDE_IN_FRAMEWORK_HEADER = YES;
				CLANG_WARN_RANGE_LOOP_ANALYSIS = YES;
				CLANG_WARN_STRICT_PROTOTYPES = YES;
				CLANG_WARN_SUSPICIOUS_MOVE = YES;
				CLANG_WARN_UNGUARDED_AVAILABILITY = YES_AGGRESSIVE;
				CLANG_WARN_UNREACHABLE_CODE = YES;
				CLANG_WARN__DUPLICATE_METHOD_MATCH = YES;
				COPY_PHASE_STRIP = NO;
				DEBUG_INFORMATION_FORMAT = "dwarf-with-dsym";
				ENABLE_NS_ASSERTIONS = NO;
				ENABLE_STRICT_OBJC_MSGSEND = YES;
				ENABLE_USER_SCRIPT_SANDBOXING = YES;
				GCC_C_LANGUAGE_STANDARD = gnu17;
				GCC_NO_COMMON_BLOCKS = YES;
				GCC_WARN_64_TO_32_BIT_CONVERSION = YES;
				GCC_WARN_ABOUT_RETURN_TYPE = YES_ERROR;
				GCC_WARN_UNDECLARED_SELECTOR = YES;
				GCC_WARN_UNINITIALIZED_AUTOS = YES_AGGRESSIVE;
				GCC_WARN_UNUSED_FUNCTION = YES;
				GCC_WARN_UNUSED_VARIABLE = YES;
				LOCALIZATION_PREFERS_STRING_CATALOGS = YES;
				MTL_ENABLE_DEBUG_INFO = NO;
				MTL_FAST_MATH = YES;
				SWIFT_COMPILATION_MODE = wholemodule;
			};
			name = Release;
		};
		B96508192C320438002D646E /* Debug */ = {
			isa = XCBuildConfiguration;
			buildSettings = {
				ASSETCATALOG_COMPILER_APPICON_NAME = AppIcon;
				ASSETCATALOG_COMPILER_GLOBAL_ACCENT_COLOR_NAME = AccentColor;
				CODE_SIGN_ENTITLEMENTS = "Breathe Rotate Wiggle Effects/Breathe_Rotate_Wiggle_Effects.entitlements";
				CODE_SIGN_STYLE = Automatic;
				CURRENT_PROJECT_VERSION = 1;
				DEVELOPMENT_ASSET_PATHS = "\"Breathe Rotate Wiggle Effects/Preview Content\"";
				DEVELOPMENT_TEAM = DHVXX6V9MZ;
				ENABLE_HARDENED_RUNTIME = YES;
				ENABLE_PREVIEWS = YES;
				GENERATE_INFOPLIST_FILE = YES;
				"INFOPLIST_KEY_UIApplicationSceneManifest_Generation[sdk=iphoneos*]" = YES;
				"INFOPLIST_KEY_UIApplicationSceneManifest_Generation[sdk=iphonesimulator*]" = YES;
				"INFOPLIST_KEY_UIApplicationSupportsIndirectInputEvents[sdk=iphoneos*]" = YES;
				"INFOPLIST_KEY_UIApplicationSupportsIndirectInputEvents[sdk=iphonesimulator*]" = YES;
				"INFOPLIST_KEY_UILaunchScreen_Generation[sdk=iphoneos*]" = YES;
				"INFOPLIST_KEY_UILaunchScreen_Generation[sdk=iphonesimulator*]" = YES;
				"INFOPLIST_KEY_UIStatusBarStyle[sdk=iphoneos*]" = UIStatusBarStyleDefault;
				"INFOPLIST_KEY_UIStatusBarStyle[sdk=iphonesimulator*]" = UIStatusBarStyleDefault;
				INFOPLIST_KEY_UISupportedInterfaceOrientations_iPad = "UIInterfaceOrientationPortrait UIInterfaceOrientationPortraitUpsideDown UIInterfaceOrientationLandscapeLeft UIInterfaceOrientationLandscapeRight";
				INFOPLIST_KEY_UISupportedInterfaceOrientations_iPhone = "UIInterfaceOrientationPortrait UIInterfaceOrientationLandscapeLeft UIInterfaceOrientationLandscapeRight";
				IPHONEOS_DEPLOYMENT_TARGET = 18.0;
				LD_RUNPATH_SEARCH_PATHS = "@executable_path/Frameworks";
				"LD_RUNPATH_SEARCH_PATHS[sdk=macosx*]" = "@executable_path/../Frameworks";
				MACOSX_DEPLOYMENT_TARGET = 15.0;
				MARKETING_VERSION = 1.0;
				PRODUCT_BUNDLE_IDENTIFIER = "com.ronerez.Breathe-Rotate-Wiggle-Effects";
				PRODUCT_NAME = "$(TARGET_NAME)";
				SDKROOT = auto;
				SUPPORTED_PLATFORMS = "iphoneos iphonesimulator macosx xros xrsimulator";
				SWIFT_EMIT_LOC_STRINGS = YES;
				SWIFT_VERSION = 5.0;
				TARGETED_DEVICE_FAMILY = "1,2,7";
				XROS_DEPLOYMENT_TARGET = 2.0;
			};
			name = Debug;
		};
		B965081A2C320438002D646E /* Release */ = {
			isa = XCBuildConfiguration;
			buildSettings = {
				ASSETCATALOG_COMPILER_APPICON_NAME = AppIcon;
				ASSETCATALOG_COMPILER_GLOBAL_ACCENT_COLOR_NAME = AccentColor;
				CODE_SIGN_ENTITLEMENTS = "Breathe Rotate Wiggle Effects/Breathe_Rotate_Wiggle_Effects.entitlements";
				CODE_SIGN_STYLE = Automatic;
				CURRENT_PROJECT_VERSION = 1;
				DEVELOPMENT_ASSET_PATHS = "\"Breathe Rotate Wiggle Effects/Preview Content\"";
				DEVELOPMENT_TEAM = DHVXX6V9MZ;
				ENABLE_HARDENED_RUNTIME = YES;
				ENABLE_PREVIEWS = YES;
				GENERATE_INFOPLIST_FILE = YES;
				"INFOPLIST_KEY_UIApplicationSceneManifest_Generation[sdk=iphoneos*]" = YES;
				"INFOPLIST_KEY_UIApplicationSceneManifest_Generation[sdk=iphonesimulator*]" = YES;
				"INFOPLIST_KEY_UIApplicationSupportsIndirectInputEvents[sdk=iphoneos*]" = YES;
				"INFOPLIST_KEY_UIApplicationSupportsIndirectInputEvents[sdk=iphonesimulator*]" = YES;
				"INFOPLIST_KEY_UILaunchScreen_Generation[sdk=iphoneos*]" = YES;
				"INFOPLIST_KEY_UILaunchScreen_Generation[sdk=iphonesimulator*]" = YES;
				"INFOPLIST_KEY_UIStatusBarStyle[sdk=iphoneos*]" = UIStatusBarStyleDefault;
				"INFOPLIST_KEY_UIStatusBarStyle[sdk=iphonesimulator*]" = UIStatusBarStyleDefault;
				INFOPLIST_KEY_UISupportedInterfaceOrientations_iPad = "UIInterfaceOrientationPortrait UIInterfaceOrientationPortraitUpsideDown UIInterfaceOrientationLandscapeLeft UIInterfaceOrientationLandscapeRight";
				INFOPLIST_KEY_UISupportedInterfaceOrientations_iPhone = "UIInterfaceOrientationPortrait UIInterfaceOrientationLandscapeLeft UIInterfaceOrientationLandscapeRight";
				IPHONEOS_DEPLOYMENT_TARGET = 18.0;
				LD_RUNPATH_SEARCH_PATHS = "@executable_path/Frameworks";
				"LD_RUNPATH_SEARCH_PATHS[sdk=macosx*]" = "@executable_path/../Frameworks";
				MACOSX_DEPLOYMENT_TARGET = 15.0;
				MARKETING_VERSION = 1.0;
				PRODUCT_BUNDLE_IDENTIFIER = "com.ronerez.Breathe-Rotate-Wiggle-Effects";
				PRODUCT_NAME = "$(TARGET_NAME)";
				SDKROOT = auto;
				SUPPORTED_PLATFORMS = "iphoneos iphonesimulator macosx xros xrsimulator";
				SWIFT_EMIT_LOC_STRINGS = YES;
				SWIFT_VERSION = 5.0;
				TARGETED_DEVICE_FAMILY = "1,2,7";
				XROS_DEPLOYMENT_TARGET = 2.0;
			};
			name = Release;
		};
/* End XCBuildConfiguration section */

/* Begin XCConfigurationList section */
		B96508042C320437002D646E /* Build configuration list for PBXProject "Breathe Rotate Wiggle Effects" */ = {
			isa = XCConfigurationList;
			buildConfigurations = (
				B96508162C320438002D646E /* Debug */,
				B96508172C320438002D646E /* Release */,
			);
			defaultConfigurationIsVisible = 0;
			defaultConfigurationName = Release;
		};
		B96508182C320438002D646E /* Build configuration list for PBXNativeTarget "Breathe Rotate Wiggle Effects" */ = {
			isa = XCConfigurationList;
			buildConfigurations = (
				B96508192C320438002D646E /* Debug */,
				B965081A2C320438002D646E /* Release */,
			);
			defaultConfigurationIsVisible = 0;
			defaultConfigurationName = Release;
		};
/* End XCConfigurationList section */
	};
	rootObject = B96508012C320437002D646E /* Project object */;
}
